<?xml version="1.0" encoding="utf-8"?>
<Project ToolsVersion="4.0" xmlns="http://schemas.microsoft.com/developer/msbuild/2003">
  <ItemGroup>
    <Filter Include="Source Files">
      <UniqueIdentifier>{4FC737F1-C7A5-4376-A066-2A32D752A2FF}</UniqueIdentifier>
      <Extensions>cpp;c;cc;cxx;c++;cppm;ixx;def;odl;idl;hpj;bat;asm;asmx</Extensions>
    </Filter>
    <Filter Include="Header Files">
      <UniqueIdentifier>{93995380-89BD-4b04-88EB-625FBE52EBFB}</UniqueIdentifier>
      <Extensions>h;hh;hpp;hxx;h++;hm;inl;inc;ipp;xsd</Extensions>
    </Filter>
    <Filter Include="Resource Files">
      <UniqueIdentifier>{67DA6AB6-F800-4c08-8B7A-83BB121AAD01}</UniqueIdentifier>
      <Extensions>rc;ico;cur;bmp;dlg;rc2;rct;bin;rgs;gif;jpg;jpeg;jpe;resx;tiff;tif;png;wav;mfcribbon-ms</Extensions>
    </Filter>
  </ItemGroup>
  <ItemGroup>
    <ClCompile Include="maincc.cpp">
      <Filter>Source Files</Filter>
    </ClCompile>
  </ItemGroup>
  <ItemGroup>
    <ClInclude Include="loggedInAsStudentMenu.h">
      <Filter>Header Files</Filter>
    </ClInclude>
    <ClInclude Include="classSender.h">
      <Filter>Header Files</Filter>
    </ClInclude>
    <ClInclude Include="criar_receiver.h">
      <Filter>Header Files</Filter>
    </ClInclude>
    <ClInclude Include="criar_sender.h">
      <Filter>Header Files</Filter>
    </ClInclude>
    <ClInclude Include="send_cash.h">
      <Filter>Header Files</Filter>
    </ClInclude>
    <ClInclude Include="file_com_pragmaonce_mysql.h">
      <Filter>Header Files</Filter>
    </ClInclude>
    <ClInclude Include="generalLogin.h">
      <Filter>Header Files</Filter>
    </ClInclude>
    <ClInclude Include="orderFood.h">
      <Filter>Header Files</Filter>
    </ClInclude>
    <ClInclude Include="getTransactionFee.h">
      <Filter>Header Files</Filter>
    </ClInclude>
    <ClInclude Include="delivery.h">
      <Filter>Header Files</Filter>
    </ClInclude>
    <ClInclude Include="orderFood_payment.h">
      <Filter>Header Files</Filter>
    </ClInclude>
    <ClInclude Include="orderPaymentFee.h">
      <Filter>Header Files</Filter>
    </ClInclude>
    <ClInclude Include="classOrderFood.h">
      <Filter>Header Files</Filter>
    </ClInclude>
    <ClInclude Include="orderTotal.h">
      <Filter>Header Files</Filter>
    </ClInclude>
    <ClInclude Include="show_orders_byFoodBuilding.h">
      <Filter>Header Files</Filter>
    </ClInclude>
    <ClInclude Include="cashTransactionRecord.h">
      <Filter>Header Files</Filter>
    </ClInclude>
    <ClInclude Include="management.h">
      <Filter>Header Files</Filter>
    </ClInclude>
    <ClInclude Include="loggedInAsSchoolMenu.h">
      <Filter>Header Files</Filter>
    </ClInclude>
    <ClInclude Include="classQueue.h">
      <Filter>Header Files</Filter>
    </ClInclude>
    <ClInclude Include="addCoisaToTable.h">
      <Filter>Header Files</Filter>
    </ClInclude>
    <ClInclude Include="removeCoisaFromTable.h">
      <Filter>Header Files</Filter>
    </ClInclude>
    <ClInclude Include="diningManagement.h">
      <Filter>Header Files</Filter>
    </ClInclude>
    <ClInclude Include="formatName.h">
      <Filter>Header Files</Filter>
    </ClInclude>
    <ClInclude Include="getName_fromTable.h">
      <Filter>Header Files</Filter>
    </ClInclude>
    <ClInclude Include="menuPlanManagement.h">
      <Filter>Header Files</Filter>
    </ClInclude>
    <ClInclude Include="getCurrentDateTime.h">
      <Filter>Header Files</Filter>
    </ClInclude>
    <ClInclude Include="getCurrentMonth.h">
      <Filter>Header Files</Filter>
    </ClInclude>
    <ClInclude Include="getCurrentYear.h">
      <Filter>Header Files</Filter>
    </ClInclude>
    <ClInclude Include="getCurrentDay.h">
      <Filter>Header Files</Filter>
    </ClInclude>
    <ClInclude Include="getCurrentHour.h">
      <Filter>Header Files</Filter>
    </ClInclude>
    <ClInclude Include="getCurrentMinute.h">
      <Filter>Header Files</Filter>
    </ClInclude>
    <ClInclude Include="getCurrentSecond.h">
      <Filter>Header Files</Filter>
    </ClInclude>
    <ClInclude Include="allinOne_class.h">
      <Filter>Header Files</Filter>
    </ClInclude>
    <ClInclude Include="tableExists.h">
      <Filter>Header Files</Filter>
    </ClInclude>
    <ClInclude Include="getLastDay.h">
      <Filter>Header Files</Filter>
    </ClInclude>
    <ClInclude Include="otherMenuPlanManagement.h">
      <Filter>Header Files</Filter>
    </ClInclude>
    <ClInclude Include="listarCoisas.h">
      <Filter>Header Files</Filter>
    </ClInclude>
    <ClInclude Include="deliveryManagement.h">
      <Filter>Header Files</Filter>
    </ClInclude>
    <ClInclude Include="dropTable.h">
      <Filter>Header Files</Filter>
    </ClInclude>
    <ClInclude Include="feesManagement.h">
      <Filter>Header Files</Filter>
    </ClInclude>
    <ClInclude Include="mealsTimePeriodManagement.h">
      <Filter>Header Files</Filter>
    </ClInclude>
    <ClInclude Include="timeConverter.h">
      <Filter>Header Files</Filter>
    </ClInclude>
    <ClInclude Include="pricesManagement.h">
      <Filter>Header Files</Filter>
    </ClInclude>
    <ClInclude Include="columnExists.h">
      <Filter>Header Files</Filter>
    </ClInclude>
    <ClInclude Include="criarStaff.h">
      <Filter>Header Files</Filter>
    </ClInclude>
  </ItemGroup>
</Project>